
Microsoft Visual Studio Solution File, Format Version 12.00
# Visual Studio 14
VisualStudioVersion = 14.0.23107.0
MinimumVisualStudioVersion = 10.0.40219.1
Project("{FAE04EC0-301F-11D3-BF4B-00C04F79EFBC}") = "Tafsir", "Tafsir\Tafsir.csproj", "{7BA4BAA8-DA21-4916-B3D7-359011964293}"
EndProject
Project("{FAE04EC0-301F-11D3-BF4B-00C04F79EFBC}") = "TafsirLib", "TafsirLib\TafsirLib.csproj", "{7B734BDC-6EEA-4C35-9557-35104C62D59B}"
EndProject
Global
	GlobalSection(SolutionConfigurationPlatforms) = preSolution
		Debug|Any CPU = Debug|Any CPU
		Release|Any CPU = Release|Any CPU
	EndGlobalSection
	GlobalSection(ProjectConfigurationPlatforms) = postSolution
		{7BA4BAA8-DA21-4916-B3D7-359011964293}.Debug|Any CPU.ActiveCfg = Debug|Any CPU
		{7BA4BAA8-DA21-4916-B3D7-359011964293}.Debug|Any CPU.Build.0 = Debug|Any CPU
		{7BA4BAA8-DA21-4916-B3D7-359011964293}.Release|Any CPU.ActiveCfg = Release|Any CPU
		{7BA4BAA8-DA21-4916-B3D7-359011964293}.Release|Any CPU.Build.0 = Release|Any CPU
		{7B734BDC-6EEA-4C35-9557-35104C62D59B}.Debug|Any CPU.ActiveCfg = Debug|Any CPU
		{7B734BDC-6EEA-4C35-9557-35104C62D59B}.Debug|Any CPU.Build.0 = Debug|Any CPU
		{7B734BDC-6EEA-4C35-9557-35104C62D59B}.Release|Any CPU.ActiveCfg = Release|Any CPU
		{7B734BDC-6EEA-4C35-9557-35104C62D59B}.Release|Any CPU.Build.0 = Release|Any CPU
	EndGlobalSection
	GlobalSection(SolutionProperties) = preSolution
		HideSolutionNode = FALSE
	EndGlobalSection
EndGlobal
